// !$*UTF8*$!
{
	archiveVersion = 1;
	classes = {
	};
	objectVersion = 46;
	objects = {

/* Begin PBXBuildFile section */
		BD1AAF551E5E7BDC001BFA85 /* Result.framework in Frameworks */ = {isa = PBXBuildFile; fileRef = BD1AAF541E5E7BDC001BFA85 /* Result.framework */; };
		BD1AAF561E5E7BDC001BFA85 /* Result.framework in Embed Frameworks */ = {isa = PBXBuildFile; fileRef = BD1AAF541E5E7BDC001BFA85 /* Result.framework */; settings = {ATTRIBUTES = (CodeSignOnCopy, RemoveHeadersOnCopy, ); }; };
		BD23633F1E5D236800CBD831 /* AppDelegate.swift in Sources */ = {isa = PBXBuildFile; fileRef = BD23633E1E5D236800CBD831 /* AppDelegate.swift */; };
		BD2363491E5D236800CBD831 /* LaunchScreen.storyboard in Resources */ = {isa = PBXBuildFile; fileRef = BD2363471E5D236800CBD831 /* LaunchScreen.storyboard */; };
		BD9811601E5F8E7E00B21EA7 /* PullRequestsFromRepositoryCell.swift in Sources */ = {isa = PBXBuildFile; fileRef = BD9811591E5F8E7E00B21EA7 /* PullRequestsFromRepositoryCell.swift */; };
		BD9811611E5F8E7E00B21EA7 /* PullRequestsFromRepositoryCellViewModel.swift in Sources */ = {isa = PBXBuildFile; fileRef = BD98115A1E5F8E7E00B21EA7 /* PullRequestsFromRepositoryCellViewModel.swift */; };
		BD9811621E5F8E7E00B21EA7 /* PullRequestsFromRepositoryViewController.swift in Sources */ = {isa = PBXBuildFile; fileRef = BD98115B1E5F8E7E00B21EA7 /* PullRequestsFromRepositoryViewController.swift */; };
		BD9811631E5F8E7E00B21EA7 /* RepositoriesListCell.swift in Sources */ = {isa = PBXBuildFile; fileRef = BD98115D1E5F8E7E00B21EA7 /* RepositoriesListCell.swift */; };
		BD9811641E5F8E7E00B21EA7 /* RepositoriesListCellViewModel.swift in Sources */ = {isa = PBXBuildFile; fileRef = BD98115E1E5F8E7E00B21EA7 /* RepositoriesListCellViewModel.swift */; };
		BD9811651E5F8E7E00B21EA7 /* RepositoriesListViewController.swift in Sources */ = {isa = PBXBuildFile; fileRef = BD98115F1E5F8E7E00B21EA7 /* RepositoriesListViewController.swift */; };
		BD9811671E5F8E9E00B21EA7 /* SwiftyPopMain.storyboard in Resources */ = {isa = PBXBuildFile; fileRef = BD9811661E5F8E9E00B21EA7 /* SwiftyPopMain.storyboard */; };
		BD9811681E5F8F3200B21EA7 /* Info.plist in Resources */ = {isa = PBXBuildFile; fileRef = BDF73CA11E5D426200620C2F /* Info.plist */; };
		BDF73C991E5D3C4100620C2F /* Moya.framework in Frameworks */ = {isa = PBXBuildFile; fileRef = BDF73C971E5D3C4100620C2F /* Moya.framework */; };
		BDF73C9A1E5D3C4100620C2F /* Moya.framework in Embed Frameworks */ = {isa = PBXBuildFile; fileRef = BDF73C971E5D3C4100620C2F /* Moya.framework */; settings = {ATTRIBUTES = (CodeSignOnCopy, RemoveHeadersOnCopy, ); }; };
		BDF73C9B1E5D3C4100620C2F /* Unbox.framework in Frameworks */ = {isa = PBXBuildFile; fileRef = BDF73C981E5D3C4100620C2F /* Unbox.framework */; };
		BDF73C9C1E5D3C4100620C2F /* Unbox.framework in Embed Frameworks */ = {isa = PBXBuildFile; fileRef = BDF73C981E5D3C4100620C2F /* Unbox.framework */; settings = {ATTRIBUTES = (CodeSignOnCopy, RemoveHeadersOnCopy, ); }; };
		BDF73CA21E5D426200620C2F /* Assets.xcassets in Resources */ = {isa = PBXBuildFile; fileRef = BDF73CA01E5D426200620C2F /* Assets.xcassets */; };
		BDF73CA51E5D435B00620C2F /* WebService.swift in Sources */ = {isa = PBXBuildFile; fileRef = BDF73CA41E5D435B00620C2F /* WebService.swift */; };
		BDF73CA71E5D484B00620C2F /* APIProvider.swift in Sources */ = {isa = PBXBuildFile; fileRef = BDF73CA61E5D484B00620C2F /* APIProvider.swift */; };
		BDF73CAB1E5D48DD00620C2F /* Alamofire.framework in Frameworks */ = {isa = PBXBuildFile; fileRef = BDF73CAA1E5D48DD00620C2F /* Alamofire.framework */; };
		BDF73CAC1E5D48DD00620C2F /* Alamofire.framework in Embed Frameworks */ = {isa = PBXBuildFile; fileRef = BDF73CAA1E5D48DD00620C2F /* Alamofire.framework */; settings = {ATTRIBUTES = (CodeSignOnCopy, RemoveHeadersOnCopy, ); }; };
		BDF73CAE1E5E02E900620C2F /* APIManager.swift in Sources */ = {isa = PBXBuildFile; fileRef = BDF73CAD1E5E02E900620C2F /* APIManager.swift */; };
		BDF73CB01E5E03D400620C2F /* RepositoriesList.swift in Sources */ = {isa = PBXBuildFile; fileRef = BDF73CAF1E5E03D400620C2F /* RepositoriesList.swift */; };
		BDF73CB21E5E041C00620C2F /* PullRequestsFromRepository.swift in Sources */ = {isa = PBXBuildFile; fileRef = BDF73CB11E5E041C00620C2F /* PullRequestsFromRepository.swift */; };
		BDF73CB41E5E138800620C2F /* NetworkResult.swift in Sources */ = {isa = PBXBuildFile; fileRef = BDF73CB31E5E138800620C2F /* NetworkResult.swift */; };
		BDF73CB81E5E17CC00620C2F /* PromiseKit.framework in Frameworks */ = {isa = PBXBuildFile; fileRef = BDF73CB71E5E17CC00620C2F /* PromiseKit.framework */; };
		BDF73CB91E5E17CC00620C2F /* PromiseKit.framework in Embed Frameworks */ = {isa = PBXBuildFile; fileRef = BDF73CB71E5E17CC00620C2F /* PromiseKit.framework */; settings = {ATTRIBUTES = (CodeSignOnCopy, RemoveHeadersOnCopy, ); }; };
		BDF73CBB1E5E227B00620C2F /* Date+SwiftyPop.swift in Sources */ = {isa = PBXBuildFile; fileRef = BDF73CBA1E5E227B00620C2F /* Date+SwiftyPop.swift */; };
		BDF73CC91E5E379700620C2F /* SDWebImage.framework in Frameworks */ = {isa = PBXBuildFile; fileRef = BDF73CC81E5E379700620C2F /* SDWebImage.framework */; };
		BDF73CCA1E5E379700620C2F /* SDWebImage.framework in Embed Frameworks */ = {isa = PBXBuildFile; fileRef = BDF73CC81E5E379700620C2F /* SDWebImage.framework */; settings = {ATTRIBUTES = (CodeSignOnCopy, RemoveHeadersOnCopy, ); }; };
/* End PBXBuildFile section */

/* Begin PBXCopyFilesBuildPhase section */
		BDF73C9D1E5D3C4100620C2F /* Embed Frameworks */ = {
			isa = PBXCopyFilesBuildPhase;
			buildActionMask = 2147483647;
			dstPath = "";
			dstSubfolderSpec = 10;
			files = (
				BDF73CCA1E5E379700620C2F /* SDWebImage.framework in Embed Frameworks */,
				BDF73C9A1E5D3C4100620C2F /* Moya.framework in Embed Frameworks */,
				BDF73CAC1E5D48DD00620C2F /* Alamofire.framework in Embed Frameworks */,
				BD1AAF561E5E7BDC001BFA85 /* Result.framework in Embed Frameworks */,
				BDF73C9C1E5D3C4100620C2F /* Unbox.framework in Embed Frameworks */,
				BDF73CB91E5E17CC00620C2F /* PromiseKit.framework in Embed Frameworks */,
			);
			name = "Embed Frameworks";
			runOnlyForDeploymentPostprocessing = 0;
		};
/* End PBXCopyFilesBuildPhase section */

/* Begin PBXFileReference section */
		BD1AAF541E5E7BDC001BFA85 /* Result.framework */ = {isa = PBXFileReference; lastKnownFileType = wrapper.framework; name = Result.framework; path = Carthage/Build/iOS/Result.framework; sourceTree = "<group>"; };
		BD23633B1E5D236800CBD831 /* SwiftyPop.app */ = {isa = PBXFileReference; explicitFileType = wrapper.application; includeInIndex = 0; path = SwiftyPop.app; sourceTree = BUILT_PRODUCTS_DIR; };
		BD23633E1E5D236800CBD831 /* AppDelegate.swift */ = {isa = PBXFileReference; lastKnownFileType = sourcecode.swift; path = AppDelegate.swift; sourceTree = "<group>"; };
		BD2363481E5D236800CBD831 /* Base */ = {isa = PBXFileReference; lastKnownFileType = file.storyboard; name = Base; path = Base.lproj/LaunchScreen.storyboard; sourceTree = "<group>"; };
		BD9811591E5F8E7E00B21EA7 /* PullRequestsFromRepositoryCell.swift */ = {isa = PBXFileReference; fileEncoding = 4; lastKnownFileType = sourcecode.swift; path = PullRequestsFromRepositoryCell.swift; sourceTree = "<group>"; };
		BD98115A1E5F8E7E00B21EA7 /* PullRequestsFromRepositoryCellViewModel.swift */ = {isa = PBXFileReference; fileEncoding = 4; lastKnownFileType = sourcecode.swift; path = PullRequestsFromRepositoryCellViewModel.swift; sourceTree = "<group>"; };
		BD98115B1E5F8E7E00B21EA7 /* PullRequestsFromRepositoryViewController.swift */ = {isa = PBXFileReference; fileEncoding = 4; lastKnownFileType = sourcecode.swift; path = PullRequestsFromRepositoryViewController.swift; sourceTree = "<group>"; };
		BD98115D1E5F8E7E00B21EA7 /* RepositoriesListCell.swift */ = {isa = PBXFileReference; fileEncoding = 4; lastKnownFileType = sourcecode.swift; path = RepositoriesListCell.swift; sourceTree = "<group>"; };
		BD98115E1E5F8E7E00B21EA7 /* RepositoriesListCellViewModel.swift */ = {isa = PBXFileReference; fileEncoding = 4; lastKnownFileType = sourcecode.swift; path = RepositoriesListCellViewModel.swift; sourceTree = "<group>"; };
		BD98115F1E5F8E7E00B21EA7 /* RepositoriesListViewController.swift */ = {isa = PBXFileReference; fileEncoding = 4; lastKnownFileType = sourcecode.swift; path = RepositoriesListViewController.swift; sourceTree = "<group>"; };
		BD9811661E5F8E9E00B21EA7 /* SwiftyPopMain.storyboard */ = {isa = PBXFileReference; fileEncoding = 4; lastKnownFileType = file.storyboard; name = SwiftyPopMain.storyboard; path = Storyboards/SwiftyPopMain.storyboard; sourceTree = "<group>"; };
		BDF73C971E5D3C4100620C2F /* Moya.framework */ = {isa = PBXFileReference; lastKnownFileType = wrapper.framework; name = Moya.framework; path = Carthage/Build/iOS/Moya.framework; sourceTree = "<group>"; };
		BDF73C981E5D3C4100620C2F /* Unbox.framework */ = {isa = PBXFileReference; lastKnownFileType = wrapper.framework; name = Unbox.framework; path = Carthage/Build/iOS/Unbox.framework; sourceTree = "<group>"; };
		BDF73CA01E5D426200620C2F /* Assets.xcassets */ = {isa = PBXFileReference; lastKnownFileType = folder.assetcatalog; path = Assets.xcassets; sourceTree = "<group>"; };
		BDF73CA11E5D426200620C2F /* Info.plist */ = {isa = PBXFileReference; fileEncoding = 4; lastKnownFileType = text.plist.xml; path = Info.plist; sourceTree = "<group>"; };
		BDF73CA41E5D435B00620C2F /* WebService.swift */ = {isa = PBXFileReference; fileEncoding = 4; lastKnownFileType = sourcecode.swift; path = WebService.swift; sourceTree = "<group>"; };
		BDF73CA61E5D484B00620C2F /* APIProvider.swift */ = {isa = PBXFileReference; fileEncoding = 4; lastKnownFileType = sourcecode.swift; path = APIProvider.swift; sourceTree = "<group>"; };
		BDF73CAA1E5D48DD00620C2F /* Alamofire.framework */ = {isa = PBXFileReference; lastKnownFileType = wrapper.framework; name = Alamofire.framework; path = Carthage/Build/iOS/Alamofire.framework; sourceTree = "<group>"; };
		BDF73CAD1E5E02E900620C2F /* APIManager.swift */ = {isa = PBXFileReference; fileEncoding = 4; lastKnownFileType = sourcecode.swift; path = APIManager.swift; sourceTree = "<group>"; };
		BDF73CAF1E5E03D400620C2F /* RepositoriesList.swift */ = {isa = PBXFileReference; fileEncoding = 4; lastKnownFileType = sourcecode.swift; path = RepositoriesList.swift; sourceTree = "<group>"; };
		BDF73CB11E5E041C00620C2F /* PullRequestsFromRepository.swift */ = {isa = PBXFileReference; fileEncoding = 4; lastKnownFileType = sourcecode.swift; path = PullRequestsFromRepository.swift; sourceTree = "<group>"; };
		BDF73CB31E5E138800620C2F /* NetworkResult.swift */ = {isa = PBXFileReference; fileEncoding = 4; lastKnownFileType = sourcecode.swift; path = NetworkResult.swift; sourceTree = "<group>"; };
		BDF73CB71E5E17CC00620C2F /* PromiseKit.framework */ = {isa = PBXFileReference; lastKnownFileType = wrapper.framework; name = PromiseKit.framework; path = Carthage/Build/iOS/PromiseKit.framework; sourceTree = "<group>"; };
		BDF73CBA1E5E227B00620C2F /* Date+SwiftyPop.swift */ = {isa = PBXFileReference; fileEncoding = 4; lastKnownFileType = sourcecode.swift; path = "Date+SwiftyPop.swift"; sourceTree = "<group>"; };
		BDF73CC81E5E379700620C2F /* SDWebImage.framework */ = {isa = PBXFileReference; lastKnownFileType = wrapper.framework; name = SDWebImage.framework; path = Carthage/Build/iOS/SDWebImage.framework; sourceTree = "<group>"; };
/* End PBXFileReference section */

/* Begin PBXFrameworksBuildPhase section */
		BD2363381E5D236800CBD831 /* Frameworks */ = {
			isa = PBXFrameworksBuildPhase;
			buildActionMask = 2147483647;
			files = (
				BDF73CC91E5E379700620C2F /* SDWebImage.framework in Frameworks */,
				BDF73C991E5D3C4100620C2F /* Moya.framework in Frameworks */,
				BDF73CAB1E5D48DD00620C2F /* Alamofire.framework in Frameworks */,
				BD1AAF551E5E7BDC001BFA85 /* Result.framework in Frameworks */,
				BDF73CB81E5E17CC00620C2F /* PromiseKit.framework in Frameworks */,
				BDF73C9B1E5D3C4100620C2F /* Unbox.framework in Frameworks */,
			);
			runOnlyForDeploymentPostprocessing = 0;
		};
/* End PBXFrameworksBuildPhase section */

/* Begin PBXGroup section */
		BD2363321E5D236800CBD831 = {
			isa = PBXGroup;
			children = (
				BD1AAF541E5E7BDC001BFA85 /* Result.framework */,
				BDF73CC81E5E379700620C2F /* SDWebImage.framework */,
				BDF73CB71E5E17CC00620C2F /* PromiseKit.framework */,
				BDF73CAA1E5D48DD00620C2F /* Alamofire.framework */,
				BDF73C971E5D3C4100620C2F /* Moya.framework */,
				BDF73C981E5D3C4100620C2F /* Unbox.framework */,
				BD23633D1E5D236800CBD831 /* SwiftyPop */,
				BD23633C1E5D236800CBD831 /* Products */,
			);
			sourceTree = "<group>";
		};
		BD23633C1E5D236800CBD831 /* Products */ = {
			isa = PBXGroup;
			children = (
				BD23633B1E5D236800CBD831 /* SwiftyPop.app */,
			);
			name = Products;
			sourceTree = "<group>";
		};
		BD23633D1E5D236800CBD831 /* SwiftyPop */ = {
			isa = PBXGroup;
			children = (
				BD23633E1E5D236800CBD831 /* AppDelegate.swift */,
				BD2363501E5D248800CBD831 /* Extensions */,
				BD2363511E5D248800CBD831 /* Features */,
				BD2363521E5D248800CBD831 /* Model */,
				BD2363531E5D248800CBD831 /* Network */,
				BD2363551E5D24AA00CBD831 /* Storyboards */,
				BDF73C9F1E5D426200620C2F /* Supporting Files */,
			);
			path = SwiftyPop;
			sourceTree = "<group>";
		};
		BD2363501E5D248800CBD831 /* Extensions */ = {
			isa = PBXGroup;
			children = (
				BDF73CBA1E5E227B00620C2F /* Date+SwiftyPop.swift */,
			);
			path = Extensions;
			sourceTree = "<group>";
		};
		BD2363511E5D248800CBD831 /* Features */ = {
			isa = PBXGroup;
			children = (
				BD9811581E5F8E7E00B21EA7 /* PullRequestsFromRepository */,
				BD98115C1E5F8E7E00B21EA7 /* RepositoiesList */,
			);
			path = Features;
			sourceTree = "<group>";
		};
		BD2363521E5D248800CBD831 /* Model */ = {
			isa = PBXGroup;
			children = (
				BDF73CAF1E5E03D400620C2F /* RepositoriesList.swift */,
				BDF73CB11E5E041C00620C2F /* PullRequestsFromRepository.swift */,
			);
			path = Model;
			sourceTree = "<group>";
		};
		BD2363531E5D248800CBD831 /* Network */ = {
			isa = PBXGroup;
			children = (
				BDF73CA41E5D435B00620C2F /* WebService.swift */,
				BDF73CA61E5D484B00620C2F /* APIProvider.swift */,
				BDF73CAD1E5E02E900620C2F /* APIManager.swift */,
				BDF73CB31E5E138800620C2F /* NetworkResult.swift */,
			);
			path = Network;
			sourceTree = "<group>";
		};
		BD2363551E5D24AA00CBD831 /* Storyboards */ = {
			isa = PBXGroup;
			children = (
				BD9811661E5F8E9E00B21EA7 /* SwiftyPopMain.storyboard */,
			);
			name = Storyboards;
			sourceTree = "<group>";
		};
		BD9811581E5F8E7E00B21EA7 /* PullRequestsFromRepository */ = {
			isa = PBXGroup;
			children = (
				BD9811591E5F8E7E00B21EA7 /* PullRequestsFromRepositoryCell.swift */,
				BD98115A1E5F8E7E00B21EA7 /* PullRequestsFromRepositoryCellViewModel.swift */,
				BD98115B1E5F8E7E00B21EA7 /* PullRequestsFromRepositoryViewController.swift */,
			);
			path = PullRequestsFromRepository;
			sourceTree = "<group>";
		};
		BD98115C1E5F8E7E00B21EA7 /* RepositoiesList */ = {
			isa = PBXGroup;
			children = (
				BD98115D1E5F8E7E00B21EA7 /* RepositoriesListCell.swift */,
				BD98115E1E5F8E7E00B21EA7 /* RepositoriesListCellViewModel.swift */,
				BD98115F1E5F8E7E00B21EA7 /* RepositoriesListViewController.swift */,
			);
			path = RepositoiesList;
			sourceTree = "<group>";
		};
		BDF73C9F1E5D426200620C2F /* Supporting Files */ = {
			isa = PBXGroup;
			children = (
				BD2363471E5D236800CBD831 /* LaunchScreen.storyboard */,
				BDF73CA01E5D426200620C2F /* Assets.xcassets */,
				BDF73CA11E5D426200620C2F /* Info.plist */,
			);
			path = "Supporting Files";
			sourceTree = "<group>";
		};
/* End PBXGroup section */

/* Begin PBXNativeTarget section */
		BD23633A1E5D236800CBD831 /* SwiftyPop */ = {
			isa = PBXNativeTarget;
			buildConfigurationList = BD23634D1E5D236800CBD831 /* Build configuration list for PBXNativeTarget "SwiftyPop" */;
			buildPhases = (
				BD2363371E5D236800CBD831 /* Sources */,
				BD2363381E5D236800CBD831 /* Frameworks */,
				BD2363391E5D236800CBD831 /* Resources */,
				BDF73C9D1E5D3C4100620C2F /* Embed Frameworks */,
				BDF73C9E1E5D418600620C2F /* ShellScript */,
			);
			buildRules = (
			);
			dependencies = (
			);
			name = SwiftyPop;
			productName = SwiftyPop;
			productReference = BD23633B1E5D236800CBD831 /* SwiftyPop.app */;
			productType = "com.apple.product-type.application";
		};
/* End PBXNativeTarget section */

/* Begin PBXProject section */
		BD2363331E5D236800CBD831 /* Project object */ = {
			isa = PBXProject;
			attributes = {
				LastSwiftUpdateCheck = 0820;
				LastUpgradeCheck = 0820;
				ORGANIZATIONNAME = "Marcos Contente";
				TargetAttributes = {
					BD23633A1E5D236800CBD831 = {
						CreatedOnToolsVersion = 8.2.1;
						DevelopmentTeam = JF4H7Z8C5S;
						ProvisioningStyle = Automatic;
					};
				};
			};
			buildConfigurationList = BD2363361E5D236800CBD831 /* Build configuration list for PBXProject "SwiftyPop" */;
			compatibilityVersion = "Xcode 3.2";
			developmentRegion = English;
			hasScannedForEncodings = 0;
			knownRegions = (
				en,
				Base,
			);
			mainGroup = BD2363321E5D236800CBD831;
			productRefGroup = BD23633C1E5D236800CBD831 /* Products */;
			projectDirPath = "";
			projectRoot = "";
			targets = (
				BD23633A1E5D236800CBD831 /* SwiftyPop */,
			);
		};
/* End PBXProject section */

/* Begin PBXResourcesBuildPhase section */
		BD2363391E5D236800CBD831 /* Resources */ = {
			isa = PBXResourcesBuildPhase;
			buildActionMask = 2147483647;
			files = (
				BD9811681E5F8F3200B21EA7 /* Info.plist in Resources */,
				BD9811671E5F8E9E00B21EA7 /* SwiftyPopMain.storyboard in Resources */,
				BD2363491E5D236800CBD831 /* LaunchScreen.storyboard in Resources */,
				BDF73CA21E5D426200620C2F /* Assets.xcassets in Resources */,
			);
			runOnlyForDeploymentPostprocessing = 0;
		};
/* End PBXResourcesBuildPhase section */

/* Begin PBXShellScriptBuildPhase section */
		BDF73C9E1E5D418600620C2F /* ShellScript */ = {
			isa = PBXShellScriptBuildPhase;
			buildActionMask = 2147483647;
			files = (
			);
			inputPaths = (
				"$(SRCROOT)/Carthage/Build/iOS/Moya.framework",
				"$(SRCROOT)/Carthage/Build/iOS/Unbox.framework",
				"$(SRCROOT)/Carthage/Build/iOS/Alamofire.framework",
				"$(SRCROOT)/Carthage/Build/iOS/PromiseKit.framework",
				"$(SRCROOT)/Carthage/Build/iOS/SDWebImage.framework",
				"$(SRCROOT)/Carthage/Build/iOS/Result.framework",
			);
			outputPaths = (
			);
			runOnlyForDeploymentPostprocessing = 0;
			shellPath = /bin/sh;
			shellScript = "/usr/local/bin/carthage copy-frameworks";
		};
/* End PBXShellScriptBuildPhase section */

/* Begin PBXSourcesBuildPhase section */
		BD2363371E5D236800CBD831 /* Sources */ = {
			isa = PBXSourcesBuildPhase;
			buildActionMask = 2147483647;
			files = (
				BDF73CB21E5E041C00620C2F /* PullRequestsFromRepository.swift in Sources */,
				BDF73CA51E5D435B00620C2F /* WebService.swift in Sources */,
				BD9811641E5F8E7E00B21EA7 /* RepositoriesListCellViewModel.swift in Sources */,
				BDF73CBB1E5E227B00620C2F /* Date+SwiftyPop.swift in Sources */,
				BD9811651E5F8E7E00B21EA7 /* RepositoriesListViewController.swift in Sources */,
				BDF73CAE1E5E02E900620C2F /* APIManager.swift in Sources */,
				BD23633F1E5D236800CBD831 /* AppDelegate.swift in Sources */,
				BD9811601E5F8E7E00B21EA7 /* PullRequestsFromRepositoryCell.swift in Sources */,
				BDF73CA71E5D484B00620C2F /* APIProvider.swift in Sources */,
				BDF73CB01E5E03D400620C2F /* RepositoriesList.swift in Sources */,
				BDF73CB41E5E138800620C2F /* NetworkResult.swift in Sources */,
				BD9811631E5F8E7E00B21EA7 /* RepositoriesListCell.swift in Sources */,
				BD9811611E5F8E7E00B21EA7 /* PullRequestsFromRepositoryCellViewModel.swift in Sources */,
				BD9811621E5F8E7E00B21EA7 /* PullRequestsFromRepositoryViewController.swift in Sources */,
			);
			runOnlyForDeploymentPostprocessing = 0;
		};
/* End PBXSourcesBuildPhase section */

/* Begin PBXVariantGroup section */
		BD2363471E5D236800CBD831 /* LaunchScreen.storyboard */ = {
			isa = PBXVariantGroup;
			children = (
				BD2363481E5D236800CBD831 /* Base */,
			);
			name = LaunchScreen.storyboard;
			path = ..;
			sourceTree = "<group>";
		};
/* End PBXVariantGroup section */

/* Begin XCBuildConfiguration section */
		BD23634B1E5D236800CBD831 /* Debug */ = {
			isa = XCBuildConfiguration;
			buildSettings = {
				ALWAYS_SEARCH_USER_PATHS = NO;
				CLANG_ANALYZER_NONNULL = YES;
				CLANG_CXX_LANGUAGE_STANDARD = "gnu++0x";
				CLANG_CXX_LIBRARY = "libc++";
				CLANG_ENABLE_MODULES = YES;
				CLANG_ENABLE_OBJC_ARC = YES;
				CLANG_WARN_BOOL_CONVERSION = YES;
				CLANG_WARN_CONSTANT_CONVERSION = YES;
				CLANG_WARN_DIRECT_OBJC_ISA_USAGE = YES_ERROR;
				CLANG_WARN_DOCUMENTATION_COMMENTS = YES;
				CLANG_WARN_EMPTY_BODY = YES;
				CLANG_WARN_ENUM_CONVERSION = YES;
				CLANG_WARN_INFINITE_RECURSION = YES;
				CLANG_WARN_INT_CONVERSION = YES;
				CLANG_WARN_OBJC_ROOT_CLASS = YES_ERROR;
				CLANG_WARN_SUSPICIOUS_MOVE = YES;
				CLANG_WARN_UNREACHABLE_CODE = YES;
				CLANG_WARN__DUPLICATE_METHOD_MATCH = YES;
				"CODE_SIGN_IDENTITY[sdk=iphoneos*]" = "iPhone Developer";
				COPY_PHASE_STRIP = NO;
				DEBUG_INFORMATION_FORMAT = dwarf;
				ENABLE_STRICT_OBJC_MSGSEND = YES;
				ENABLE_TESTABILITY = YES;
				GCC_C_LANGUAGE_STANDARD = gnu99;
				GCC_DYNAMIC_NO_PIC = NO;
				GCC_NO_COMMON_BLOCKS = YES;
				GCC_OPTIMIZATION_LEVEL = 0;
				GCC_PREPROCESSOR_DEFINITIONS = (
					"DEBUG=1",
					"$(inherited)",
				);
				GCC_WARN_64_TO_32_BIT_CONVERSION = YES;
				GCC_WARN_ABOUT_RETURN_TYPE = YES_ERROR;
				GCC_WARN_UNDECLARED_SELECTOR = YES;
				GCC_WARN_UNINITIALIZED_AUTOS = YES_AGGRESSIVE;
				GCC_WARN_UNUSED_FUNCTION = YES;
				GCC_WARN_UNUSED_VARIABLE = YES;
				IPHONEOS_DEPLOYMENT_TARGET = 9.3;
				MTL_ENABLE_DEBUG_INFO = YES;
				ONLY_ACTIVE_ARCH = YES;
				SDKROOT = iphoneos;
				SWIFT_ACTIVE_COMPILATION_CONDITIONS = DEBUG;
				SWIFT_OPTIMIZATION_LEVEL = "-Onone";
				TARGETED_DEVICE_FAMILY = "1,2";
			};
			name = Debug;
		};
		BD23634C1E5D236800CBD831 /* Release */ = {
			isa = XCBuildConfiguration;
			buildSettings = {
				ALWAYS_SEARCH_USER_PATHS = NO;
				CLANG_ANALYZER_NONNULL = YES;
				CLANG_CXX_LANGUAGE_STANDARD = "gnu++0x";
				CLANG_CXX_LIBRARY = "libc++";
				CLANG_ENABLE_MODULES = YES;
				CLANG_ENABLE_OBJC_ARC = YES;
				CLANG_WARN_BOOL_CONVERSION = YES;
				CLANG_WARN_CONSTANT_CONVERSION = YES;
				CLANG_WARN_DIRECT_OBJC_ISA_USAGE = YES_ERROR;
				CLANG_WARN_DOCUMENTATION_COMMENTS = YES;
				CLANG_WARN_EMPTY_BODY = YES;
				CLANG_WARN_ENUM_CONVERSION = YES;
				CLANG_WARN_INFINITE_RECURSION = YES;
				CLANG_WARN_INT_CONVERSION = YES;
				CLANG_WARN_OBJC_ROOT_CLASS = YES_ERROR;
				CLANG_WARN_SUSPICIOUS_MOVE = YES;
				CLANG_WARN_UNREACHABLE_CODE = YES;
				CLANG_WARN__DUPLICATE_METHOD_MATCH = YES;
				"CODE_SIGN_IDENTITY[sdk=iphoneos*]" = "iPhone Developer";
				COPY_PHASE_STRIP = NO;
				DEBUG_INFORMATION_FORMAT = "dwarf-with-dsym";
				ENABLE_NS_ASSERTIONS = NO;
				ENABLE_STRICT_OBJC_MSGSEND = YES;
				GCC_C_LANGUAGE_STANDARD = gnu99;
				GCC_NO_COMMON_BLOCKS = YES;
				GCC_WARN_64_TO_32_BIT_CONVERSION = YES;
				GCC_WARN_ABOUT_RETURN_TYPE = YES_ERROR;
				GCC_WARN_UNDECLARED_SELECTOR = YES;
				GCC_WARN_UNINITIALIZED_AUTOS = YES_AGGRESSIVE;
				GCC_WARN_UNUSED_FUNCTION = YES;
				GCC_WARN_UNUSED_VARIABLE = YES;
				IPHONEOS_DEPLOYMENT_TARGET = 9.3;
				MTL_ENABLE_DEBUG_INFO = NO;
				SDKROOT = iphoneos;
				SWIFT_OPTIMIZATION_LEVEL = "-Owholemodule";
				TARGETED_DEVICE_FAMILY = "1,2";
				VALIDATE_PRODUCT = YES;
			};
			name = Release;
		};
		BD23634E1E5D236800CBD831 /* Debug */ = {
			isa = XCBuildConfiguration;
			buildSettings = {
				ASSETCATALOG_COMPILER_APPICON_NAME = AppIcon;
				DEVELOPMENT_TEAM = JF4H7Z8C5S;
				FRAMEWORK_SEARCH_PATHS = (
					"$(inherited)",
					"$(PROJECT_DIR)/Carthage/Build/iOS",
				);
				INFOPLIST_FILE = "$(SRCROOT)/SwiftyPop/Supporting Files/Info.plist";
				LD_RUNPATH_SEARCH_PATHS = "$(inherited) @executable_path/Frameworks";
				PRODUCT_BUNDLE_IDENTIFIER = stoneyourmarcos.SwiftyPop;
				PRODUCT_NAME = "$(TARGET_NAME)";
				SWIFT_VERSION = 3.0;
			};
			name = Debug;
		};
		BD23634F1E5D236800CBD831 /* Release */ = {
			isa = XCBuildConfiguration;
			buildSettings = {
				ASSETCATALOG_COMPILER_APPICON_NAME = AppIcon;
				DEVELOPMENT_TEAM = JF4H7Z8C5S;
				FRAMEWORK_SEARCH_PATHS = (
					"$(inherited)",
					"$(PROJECT_DIR)/Carthage/Build/iOS",
				);
				INFOPLIST_FILE = "$(SRCROOT)/SwiftyPop/Supporting Files/Info.plist";
				LD_RUNPATH_SEARCH_PATHS = "$(inherited) @executable_path/Frameworks";
				PRODUCT_BUNDLE_IDENTIFIER = stoneyourmarcos.SwiftyPop;
				PRODUCT_NAME = "$(TARGET_NAME)";
				SWIFT_VERSION = 3.0;
			};
			name = Release;
		};
/* End XCBuildConfiguration section */

/* Begin XCConfigurationList section */
		BD2363361E5D236800CBD831 /* Build configuration list for PBXProject "SwiftyPop" */ = {
			isa = XCConfigurationList;
			buildConfigurations = (
				BD23634B1E5D236800CBD831 /* Debug */,
				BD23634C1E5D236800CBD831 /* Release */,
			);
			defaultConfigurationIsVisible = 0;
			defaultConfigurationName = Release;
		};
		BD23634D1E5D236800CBD831 /* Build configuration list for PBXNativeTarget "SwiftyPop" */ = {
			isa = XCConfigurationList;
			buildConfigurations = (
				BD23634E1E5D236800CBD831 /* Debug */,
				BD23634F1E5D236800CBD831 /* Release */,
			);
			defaultConfigurationIsVisible = 0;
			defaultConfigurationName = Release;
		};
/* End XCConfigurationList section */
	};
	rootObject = BD2363331E5D236800CBD831 /* Project object */;
}
